
Microsoft Visual Studio Solution File, Format Version 12.00
# Visual Studio Version 16
VisualStudioVersion = 16.0.30611.23
MinimumVisualStudioVersion = 10.0.40219.1
Project("{FAE04EC0-301F-11D3-BF4B-00C04F79EFBC}") = "Blackout", "Blackout\Blackout.csproj", "{BDBD7620-388F-4459-BBD1-E6E2A3A0F743}"
EndProject
Global
	GlobalSection(SolutionConfigurationPlatforms) = preSolution
		Debug|Any CPU = Debug|Any CPU
		Release|Any CPU = Release|Any CPU
	EndGlobalSection
	GlobalSection(ProjectConfigurationPlatforms) = postSolution
		{BDBD7620-388F-4459-BBD1-E6E2A3A0F743}.Debug|Any CPU.ActiveCfg = Debug|Any CPU
		{BDBD7620-388F-4459-BBD1-E6E2A3A0F743}.Debug|Any CPU.Build.0 = Debug|Any CPU
		{BDBD7620-388F-4459-BBD1-E6E2A3A0F743}.Release|Any CPU.ActiveCfg = Release|Any CPU
		{BDBD7620-388F-4459-BBD1-E6E2A3A0F743}.Release|Any CPU.Build.0 = Release|Any CPU
	EndGlobalSection
	GlobalSection(SolutionProperties) = preSolution
		HideSolutionNode = FALSE
	EndGlobalSection
	GlobalSection(ExtensibilityGlobals) = postSolution
		SolutionGuid = {72FDC537-64D3-446B-B7F7-8B7259158603}
	EndGlobalSection
EndGlobal
